PODS:
  - BeyondIdentityCoreSDK (0.7.0)
  - BeyondIdentityEmbedded (0.7.0):
    - BeyondIdentityCoreSDK (= 0.7.0)
  - embeddedsdk (0.2.0):
    - BeyondIdentityEmbedded (= 0.7.0)
    - Flutter
  - Flutter (1.0.0)
  - uni_links (0.0.1):
    - Flutter

DEPENDENCIES:
  - embeddedsdk (from `.symlinks/plugins/embeddedsdk/ios`)
  - Flutter (from `Flutter`)
  - uni_links (from `.symlinks/plugins/uni_links/ios`)

SPEC REPOS:
  trunk:
    - BeyondIdentityCoreSDK
    - BeyondIdentityEmbedded

EXTERNAL SOURCES:
  embeddedsdk:
    :path: ".symlinks/plugins/embeddedsdk/ios"
  Flutter:
    :path: Flutter
  uni_links:
    :path: ".symlinks/plugins/uni_links/ios"

SPEC CHECKSUMS:
  BeyondIdentityCoreSDK: ea967b5fe72957401370e3a344152dadead7b479
  BeyondIdentityEmbedded: cf356be569d9a580b8379d2006e3caa23f5840ad
  embeddedsdk: 4ff59fb2d0e7aa0db8141aa60264e76e07f8e54d
  Flutter: 50d75fe2f02b26cc09d224853bb45737f8b3214a
  uni_links: d97da20c7701486ba192624d99bffaaffcfc298a

PODFILE CHECKSUM: c9ac910a765c5da129d2b82fc1d44e1cc927d647

COCOAPODS: 1.11.2
